
Microsoft Visual Studio Solution File, Format Version 12.00
Project("{FAE04EC0-301F-11D3-BF4B-00C04F79EFBC}") = "WhatsNewInDotNet8.KeyedServices", "WhatsNewInDotNet8.KeyedServices\WhatsNewInDotNet8.KeyedServices.csproj", "{673744BB-018C-4C2E-A2FA-ED4F8970601A}"
EndProject
Project("{FAE04EC0-301F-11D3-BF4B-00C04F79EFBC}") = "WhatsNewInDotNet8.Time", "WhatsNewInDotNet8.Time\WhatsNewInDotNet8.Time.csproj", "{2D5BEDA3-1FBD-420F-9070-442D754E2CC1}"
EndProject
Global
	GlobalSection(SolutionConfigurationPlatforms) = preSolution
		Debug|Any CPU = Debug|Any CPU
		Release|Any CPU = Release|Any CPU
	EndGlobalSection
	GlobalSection(ProjectConfigurationPlatforms) = postSolution
		{673744BB-018C-4C2E-A2FA-ED4F8970601A}.Debug|Any CPU.ActiveCfg = Debug|Any CPU
		{673744BB-018C-4C2E-A2FA-ED4F8970601A}.Debug|Any CPU.Build.0 = Debug|Any CPU
		{673744BB-018C-4C2E-A2FA-ED4F8970601A}.Release|Any CPU.ActiveCfg = Release|Any CPU
		{673744BB-018C-4C2E-A2FA-ED4F8970601A}.Release|Any CPU.Build.0 = Release|Any CPU
		{2D5BEDA3-1FBD-420F-9070-442D754E2CC1}.Debug|Any CPU.ActiveCfg = Debug|Any CPU
		{2D5BEDA3-1FBD-420F-9070-442D754E2CC1}.Debug|Any CPU.Build.0 = Debug|Any CPU
		{2D5BEDA3-1FBD-420F-9070-442D754E2CC1}.Release|Any CPU.ActiveCfg = Release|Any CPU
		{2D5BEDA3-1FBD-420F-9070-442D754E2CC1}.Release|Any CPU.Build.0 = Release|Any CPU
	EndGlobalSection
EndGlobal
